{
    "_readme": [
        "This file locks the dependencies of your project to a known state",
        "Read more about it at https://getcomposer.org/doc/01-basic-usage.md#installing-dependencies",
        "This file is @generated automatically"
    ],
    "content-hash": "05b4abfaa05c9983f3a64d60fc73f6be",
    "packages": [
        {
            "name": "clicksend/clicksend-php",
            "version": "v5.0.79",
            "source": {
                "type": "git",
                "url": "https://github.com/ClickSend/clicksend-php.git",
                "reference": "1a5ee58a36cd260cdbce8f270680f02de2593c0d"
            },
            "dist": {
                "type": "zip",
                "url": "https://api.github.com/repos/ClickSend/clicksend-php/zipball/1a5ee58a36cd260cdbce8f270680f02de2593c0d",
                "reference": "1a5ee58a36cd260cdbce8f270680f02de2593c0d",
                "shasum": ""
            },
            "require": {
                "ext-curl": "*",
                "ext-json": "*",
                "ext-mbstring": "*",
                "guzzlehttp/guzzle": "^6.2|^7.3",
                "php": ">=5.5"
            },
            "require-dev": {
                "friendsofphp/php-cs-fixer": "~2.12",
                "phpunit/phpunit": "^4.8",
                "squizlabs/php_codesniffer": "~2.6"
            },
            "type": "library",
            "autoload": {
                "psr-4": {
                    "ClickSend\\": "lib/"
                }
            },
            "notification-url": "https://packagist.org/downloads/",
            "license": [
                "proprietary"
            ],
            "authors": [
                {
                    "name": "Swagger and contributors",
                    "homepage": "https://github.com/swagger-api/swagger-codegen"
                }
            ],
            "homepage": "http://swagger.io",
            "keywords": [
                "api",
                "php",
                "sdk",
                "swagger"
            ],
            "support": {
                "issues": "https://github.com/ClickSend/clicksend-php/issues",
                "source": "https://github.com/ClickSend/clicksend-php/tree/v5.0.79"
            },
            "time": "2023-12-05T23:56:23+00:00"
        }
    ],
    "packages-dev": [],
    "aliases": [],
    "minimum-stability": "stable",
    "stability-flags": [],
    "prefer-stable": false,
    "prefer-lowest": false,
    "platform": [],
    "platform-dev": [],
    "plugin-api-version": "2.6.0"
}
